
Microsoft Visual Studio Solution File, Format Version 12.00
# Visual Studio 15
VisualStudioVersion = 15.0.28010.2046
MinimumVisualStudioVersion = 10.0.40219.1
Project("{8BC9CEB8-8B4A-11D0-8D11-00A0C91BC942}") = "libmodbus", "..\libmodbus\libmodbus.vcxproj", "{BBD7F0D2-B50D-4EA5-B774-B36E52030AEC}"
EndProject
Global
	GlobalSection(SolutionConfigurationPlatforms) = preSolution
		Debug|ARM = Debug|ARM
		Debug|ARM64 = Debug|ARM64
		Debug|Win32 = Debug|Win32
		Debug|x64 = Debug|x64
		Release|ARM = Release|ARM
		Release|ARM64 = Release|ARM64
		Release|Win32 = Release|Win32
		Release|x64 = Release|x64
	EndGlobalSection
	GlobalSection(ProjectConfigurationPlatforms) = postSolution
		{BBD7F0D2-B50D-4EA5-B774-B36E52030AEC}.Debug|ARM.ActiveCfg = Debug|ARM
		{BBD7F0D2-B50D-4EA5-B774-B36E52030AEC}.Debug|ARM.Build.0 = Debug|ARM
		{BBD7F0D2-B50D-4EA5-B774-B36E52030AEC}.Debug|ARM64.ActiveCfg = Debug|ARM64
		{BBD7F0D2-B50D-4EA5-B774-B36E52030AEC}.Debug|ARM64.Build.0 = Debug|ARM64
		{BBD7F0D2-B50D-4EA5-B774-B36E52030AEC}.Debug|Win32.ActiveCfg = Debug|x86
		{BBD7F0D2-B50D-4EA5-B774-B36E52030AEC}.Debug|Win32.Build.0 = Debug|x86
		{BBD7F0D2-B50D-4EA5-B774-B36E52030AEC}.Debug|x64.ActiveCfg = Debug|x64
		{BBD7F0D2-B50D-4EA5-B774-B36E52030AEC}.Debug|x64.Build.0 = Debug|x64
		{BBD7F0D2-B50D-4EA5-B774-B36E52030AEC}.Release|ARM.ActiveCfg = Release|ARM
		{BBD7F0D2-B50D-4EA5-B774-B36E52030AEC}.Release|ARM.Build.0 = Release|ARM
		{BBD7F0D2-B50D-4EA5-B774-B36E52030AEC}.Release|ARM64.ActiveCfg = Release|ARM64
		{BBD7F0D2-B50D-4EA5-B774-B36E52030AEC}.Release|ARM64.Build.0 = Release|ARM64
		{BBD7F0D2-B50D-4EA5-B774-B36E52030AEC}.Release|Win32.ActiveCfg = Release|x86
		{BBD7F0D2-B50D-4EA5-B774-B36E52030AEC}.Release|Win32.Build.0 = Release|x86
		{BBD7F0D2-B50D-4EA5-B774-B36E52030AEC}.Release|x64.ActiveCfg = Release|x64
		{BBD7F0D2-B50D-4EA5-B774-B36E52030AEC}.Release|x64.Build.0 = Release|x64
	EndGlobalSection
	GlobalSection(SolutionProperties) = preSolution
		HideSolutionNode = FALSE
	EndGlobalSection
	GlobalSection(ExtensibilityGlobals) = postSolution
		SolutionGuid = {5C985C6F-D89C-45EF-9F25-D97528860256}
	EndGlobalSection
EndGlobal
